
Microsoft Visual Studio Solution File, Format Version 12.00
# Visual Studio Version 16
VisualStudioVersion = 16.0.31702.278
MinimumVisualStudioVersion = 10.0.40219.1
Project("{FAE04EC0-301F-11D3-BF4B-00C04F79EFBC}") = "PrimaryDictionaryAttemp", "PrimaryDictionaryAttemp\PrimaryDictionaryAttemp.csproj", "{EBB85646-BEDB-40B3-904E-7BC71EE4D431}"
EndProject
Global
	GlobalSection(SolutionConfigurationPlatforms) = preSolution
		Debug|Any CPU = Debug|Any CPU
		Release|Any CPU = Release|Any CPU
	EndGlobalSection
	GlobalSection(ProjectConfigurationPlatforms) = postSolution
		{EBB85646-BEDB-40B3-904E-7BC71EE4D431}.Debug|Any CPU.ActiveCfg = Debug|Any CPU
		{EBB85646-BEDB-40B3-904E-7BC71EE4D431}.Debug|Any CPU.Build.0 = Debug|Any CPU
		{EBB85646-BEDB-40B3-904E-7BC71EE4D431}.Release|Any CPU.ActiveCfg = Release|Any CPU
		{EBB85646-BEDB-40B3-904E-7BC71EE4D431}.Release|Any CPU.Build.0 = Release|Any CPU
	EndGlobalSection
	GlobalSection(SolutionProperties) = preSolution
		HideSolutionNode = FALSE
	EndGlobalSection
	GlobalSection(ExtensibilityGlobals) = postSolution
		SolutionGuid = {C51152FD-E69E-42F2-A729-AFDD93D4CD01}
	EndGlobalSection
EndGlobal
